
Microsoft Visual Studio Solution File, Format Version 12.00
# Visual Studio Version 17
VisualStudioVersion = 17.7.34031.279
MinimumVisualStudioVersion = 10.0.40219.1
Project("{FAE04EC0-301F-11D3-BF4B-00C04F79EFBC}") = "Calculadora", "CalculadoraTests\Calculadora.csproj", "{E591AACD-47F9-4627-A43B-C177B99FDEF8}"
EndProject
Project("{FAE04EC0-301F-11D3-BF4B-00C04F79EFBC}") = "Calculadora.Tests", "Calculadora.Tests\Calculadora.Tests.csproj", "{BEC06FD5-DF34-4613-AB1D-D96FD489562C}"
EndProject
Global
	GlobalSection(SolutionConfigurationPlatforms) = preSolution
		Debug|Any CPU = Debug|Any CPU
		Release|Any CPU = Release|Any CPU
	EndGlobalSection
	GlobalSection(ProjectConfigurationPlatforms) = postSolution
		{E591AACD-47F9-4627-A43B-C177B99FDEF8}.Debug|Any CPU.ActiveCfg = Debug|Any CPU
		{E591AACD-47F9-4627-A43B-C177B99FDEF8}.Debug|Any CPU.Build.0 = Debug|Any CPU
		{E591AACD-47F9-4627-A43B-C177B99FDEF8}.Release|Any CPU.ActiveCfg = Release|Any CPU
		{E591AACD-47F9-4627-A43B-C177B99FDEF8}.Release|Any CPU.Build.0 = Release|Any CPU
		{BEC06FD5-DF34-4613-AB1D-D96FD489562C}.Debug|Any CPU.ActiveCfg = Debug|Any CPU
		{BEC06FD5-DF34-4613-AB1D-D96FD489562C}.Debug|Any CPU.Build.0 = Debug|Any CPU
		{BEC06FD5-DF34-4613-AB1D-D96FD489562C}.Release|Any CPU.ActiveCfg = Release|Any CPU
		{BEC06FD5-DF34-4613-AB1D-D96FD489562C}.Release|Any CPU.Build.0 = Release|Any CPU
	EndGlobalSection
	GlobalSection(SolutionProperties) = preSolution
		HideSolutionNode = FALSE
	EndGlobalSection
	GlobalSection(ExtensibilityGlobals) = postSolution
		SolutionGuid = {B2B05DF6-3C29-41A4-A794-F6AE703B8C5E}
	EndGlobalSection
EndGlobal
